<?xml version="1.0" encoding="utf-8"?>
<Project ToolsVersion="4.0" xmlns="http://schemas.microsoft.com/developer/msbuild/2003">
  <ItemGroup>
    <Filter Include="Source Files">
      <UniqueIdentifier>{4FC737F1-C7A5-4376-A066-2A32D752A2FF}</UniqueIdentifier>
      <Extensions>cpp;c;cc;cxx;def;odl;idl;hpj;bat;asm;asmx</Extensions>
    </Filter>
    <Filter Include="Header Files">
      <UniqueIdentifier>{93995380-89BD-4b04-88EB-625FBE52EBFB}</UniqueIdentifier>
      <Extensions>h;hpp;hxx;hm;inl;inc;xsd</Extensions>
    </Filter>
    <Filter Include="Resource Files">
      <UniqueIdentifier>{67DA6AB6-F800-4c08-8B7A-83BB121AAD01}</UniqueIdentifier>
      <Extensions>rc;ico;cur;bmp;dlg;rc2;rct;bin;rgs;gif;jpg;jpeg;jpe;resx;tiff;tif;png;wav</Extensions>
    </Filter>
  </ItemGroup>
  <ItemGroup>
    <ClInclude Include="thread\Atomic.h">
      <Filter>Header Files</Filter>
    </ClInclude>
    <ClInclude Include="thread\Thread.h">
      <Filter>Header Files</Filter>
    </ClInclude>
    <ClInclude Include="thread\Singleton.h">
      <Filter>Header Files</Filter>
    </ClInclude>
    <ClInclude Include="thread\Mutex.h">
      <Filter>Header Files</Filter>
    </ClInclude>
    <ClInclude Include="thread\ThreadLocal.h">
      <Filter>Header Files</Filter>
    </ClInclude>
    <ClInclude Include="thread\Condition.h">
      <Filter>Header Files</Filter>
    </ClInclude>
    <ClInclude Include="thread\ThreadLocalSingleton.h">
      <Filter>Header Files</Filter>
    </ClInclude>
    <ClInclude Include="thread\Exception.h">
      <Filter>Header Files</Filter>
    </ClInclude>
    <ClInclude Include="thread\ThreadPool.h">
      <Filter>Header Files</Filter>
    </ClInclude>
    <ClInclude Include="thread\BlockingQueue.h">
      <Filter>Header Files</Filter>
    </ClInclude>
    <ClInclude Include="thread\BoundedBlockingQueue.h">
      <Filter>Header Files</Filter>
    </ClInclude>
    <ClInclude Include="logging\LogFile.h">
      <Filter>Header Files</Filter>
    </ClInclude>
    <ClInclude Include="tcp\Common.h">
      <Filter>Header Files</Filter>
    </ClInclude>
    <ClInclude Include="tcp\Socket.h">
      <Filter>Header Files</Filter>
    </ClInclude>
    <ClInclude Include="tcp\InetAddress.h">
      <Filter>Header Files</Filter>
    </ClInclude>
    <ClInclude Include="tcp\Types.h">
      <Filter>Header Files</Filter>
    </ClInclude>
    <ClInclude Include="tcp\TcpStream.h">
      <Filter>Header Files</Filter>
    </ClInclude>
    <ClInclude Include="tcp\Acceptor.h">
      <Filter>Header Files</Filter>
    </ClInclude>
    <ClInclude Include="logging\LogStream.h">
      <Filter>Header Files</Filter>
    </ClInclude>
    <ClInclude Include="logging\Logging.h">
      <Filter>Header Files</Filter>
    </ClInclude>
    <ClInclude Include="datetime\TimeStamp.h">
      <Filter>Header Files</Filter>
    </ClInclude>
    <ClInclude Include="logging\AsyncLoggingDoubleBuffering.h">
      <Filter>Header Files</Filter>
    </ClInclude>
    <ClInclude Include="logging\AsyncLoggingQueue.h">
      <Filter>Header Files</Filter>
    </ClInclude>
    <ClInclude Include="logging\test\AsyncLogging_test.cpp">
      <Filter>Header Files</Filter>
    </ClInclude>
    <ClInclude Include="reactor\EventLoop.h">
      <Filter>Header Files</Filter>
    </ClInclude>
    <ClInclude Include="reactor\Poller.h">
      <Filter>Header Files</Filter>
    </ClInclude>
    <ClInclude Include="reactor\Channel.h">
      <Filter>Header Files</Filter>
    </ClInclude>
    <ClInclude Include="reactor\CallBacks.h">
      <Filter>Header Files</Filter>
    </ClInclude>
    <ClInclude Include="reactor\TimerId.h">
      <Filter>Header Files</Filter>
    </ClInclude>
    <ClInclude Include="reactor\Timer.h">
      <Filter>Header Files</Filter>
    </ClInclude>
    <ClInclude Include="reactor\TimerQueue.h">
      <Filter>Header Files</Filter>
    </ClInclude>
    <ClInclude Include="reactor\EventLoopThread.h">
      <Filter>Header Files</Filter>
    </ClInclude>
    <ClInclude Include="reactor\Acceptor.h">
      <Filter>Header Files</Filter>
    </ClInclude>
    <ClInclude Include="reactor\InetAddress.h">
      <Filter>Header Files</Filter>
    </ClInclude>
    <ClInclude Include="reactor\Socket.h">
      <Filter>Header Files</Filter>
    </ClInclude>
    <ClInclude Include="reactor\SocketOps.h">
      <Filter>Header Files</Filter>
    </ClInclude>
    <ClInclude Include="reactor\TcpConnection.h">
      <Filter>Header Files</Filter>
    </ClInclude>
    <ClInclude Include="reactor\TcpServer.h">
      <Filter>Header Files</Filter>
    </ClInclude>
    <ClInclude Include="reactor\Buffer.h">
      <Filter>Header Files</Filter>
    </ClInclude>
    <ClInclude Include="reactor\EventLoopThreadPool.h">
      <Filter>Header Files</Filter>
    </ClInclude>
    <ClInclude Include="reactor\Connector.h">
      <Filter>Header Files</Filter>
    </ClInclude>
    <ClInclude Include="reactor\TcpClient.h">
      <Filter>Header Files</Filter>
    </ClInclude>
    <ClInclude Include="reactor\Epoller.h">
      <Filter>Header Files</Filter>
    </ClInclude>
    <ClInclude Include="db\DBConnection.h">
      <Filter>Header Files</Filter>
    </ClInclude>
    <ClInclude Include="db\DBRecordSet.h">
      <Filter>Header Files</Filter>
    </ClInclude>
    <ClInclude Include="db\DBRecord.h">
      <Filter>Header Files</Filter>
    </ClInclude>
    <ClInclude Include="db\DBDef.h">
      <Filter>Header Files</Filter>
    </ClInclude>
    <ClInclude Include="db\DBConnectionPool.h">
      <Filter>Header Files</Filter>
    </ClInclude>
    <ClInclude Include="protobuf\ProtobufCodec.h">
      <Filter>Header Files</Filter>
    </ClInclude>
    <ClInclude Include="protobuf\google-inl.h">
      <Filter>Header Files</Filter>
    </ClInclude>
    <ClInclude Include="protobuf\ProtobufDispatcher.h">
      <Filter>Header Files</Filter>
    </ClInclude>
    <ClInclude Include="protobuf\ProtobufCodec_test.cpp">
      <Filter>Header Files</Filter>
    </ClInclude>
  </ItemGroup>
  <ItemGroup>
    <ClCompile Include="thread\CountDownLatch.h">
      <Filter>Source Files</Filter>
    </ClCompile>
    <ClCompile Include="logging\LogFile.cpp">
      <Filter>Source Files</Filter>
    </ClCompile>
    <ClCompile Include="tcp\Socket.cpp">
      <Filter>Source Files</Filter>
    </ClCompile>
    <ClCompile Include="tcp\InetAddress.cpp">
      <Filter>Source Files</Filter>
    </ClCompile>
    <ClCompile Include="tcp\TcpStream.cpp">
      <Filter>Source Files</Filter>
    </ClCompile>
    <ClCompile Include="tcp\Acceptor.cpp">
      <Filter>Source Files</Filter>
    </ClCompile>
    <ClCompile Include="tcp\Tcp_Test.cpp">
      <Filter>Source Files</Filter>
    </ClCompile>
    <ClCompile Include="logging\LogStream.cpp">
      <Filter>Source Files</Filter>
    </ClCompile>
    <ClCompile Include="logging\Logging.cpp">
      <Filter>Source Files</Filter>
    </ClCompile>
    <ClCompile Include="datetime\TimeStamp.cpp">
      <Filter>Source Files</Filter>
    </ClCompile>
    <ClCompile Include="datetime\test\TimeStamp_Unittest.cpp">
      <Filter>Source Files</Filter>
    </ClCompile>
    <ClCompile Include="logging\test\LogFile_test.cpp">
      <Filter>Source Files</Filter>
    </ClCompile>
    <ClCompile Include="logging\test\LogStream_test.cpp">
      <Filter>Source Files</Filter>
    </ClCompile>
    <ClCompile Include="logging\test\LogStream_bench.cpp">
      <Filter>Source Files</Filter>
    </ClCompile>
    <ClCompile Include="thread\Thread.cpp">
      <Filter>Source Files</Filter>
    </ClCompile>
    <ClCompile Include="thread\ThreadPool.cpp">
      <Filter>Source Files</Filter>
    </ClCompile>
    <ClCompile Include="thread\Exception.cpp">
      <Filter>Source Files</Filter>
    </ClCompile>
    <ClCompile Include="thread\test\Atomic_UnitTest.cpp">
      <Filter>Source Files</Filter>
    </ClCompile>
    <ClCompile Include="thread\test\BlockingQueue_UnitTest.cpp">
      <Filter>Source Files</Filter>
    </ClCompile>
    <ClCompile Include="thread\test\BoundedBlockingQueue_UnitTest.cpp">
      <Filter>Source Files</Filter>
    </ClCompile>
    <ClCompile Include="thread\test\CopyAndWrite_UnitTest.cpp">
      <Filter>Source Files</Filter>
    </ClCompile>
    <ClCompile Include="thread\test\Exception_UnitTest.cpp">
      <Filter>Source Files</Filter>
    </ClCompile>
    <ClCompile Include="thread\test\Factory.cpp">
      <Filter>Source Files</Filter>
    </ClCompile>
    <ClCompile Include="thread\test\Observer.cpp">
      <Filter>Source Files</Filter>
    </ClCompile>
    <ClCompile Include="thread\test\ObserverSafe.cpp">
      <Filter>Source Files</Filter>
    </ClCompile>
    <ClCompile Include="thread\test\Singleton_UnitTest.cpp">
      <Filter>Source Files</Filter>
    </ClCompile>
    <ClCompile Include="thread\test\SingletonThreadLocal_UnitTest.cpp">
      <Filter>Source Files</Filter>
    </ClCompile>
    <ClCompile Include="thread\test\Thread_UnitTest.cpp">
      <Filter>Source Files</Filter>
    </ClCompile>
    <ClCompile Include="thread\test\ThreadLocal_UnitTest.cpp">
      <Filter>Source Files</Filter>
    </ClCompile>
    <ClCompile Include="thread\test\ThreadLocalSingleton_UnitTest.cpp">
      <Filter>Source Files</Filter>
    </ClCompile>
    <ClCompile Include="thread\test\ThreadPool_UnitTest.cpp">
      <Filter>Source Files</Filter>
    </ClCompile>
    <ClCompile Include="logging\AsyncLoggingDoubleBuffering.cpp">
      <Filter>Source Files</Filter>
    </ClCompile>
    <ClCompile Include="logging\test\Logging_test.cpp">
      <Filter>Source Files</Filter>
    </ClCompile>
    <ClCompile Include="reactor\EventLoop.cpp">
      <Filter>Source Files</Filter>
    </ClCompile>
    <ClCompile Include="reactor\test\EventLoop_unittest1.cpp">
      <Filter>Source Files</Filter>
    </ClCompile>
    <ClCompile Include="reactor\test\EventLoop_unittest2.cpp">
      <Filter>Source Files</Filter>
    </ClCompile>
    <ClCompile Include="reactor\Poller.cpp">
      <Filter>Source Files</Filter>
    </ClCompile>
    <ClCompile Include="reactor\Channel.cpp">
      <Filter>Source Files</Filter>
    </ClCompile>
    <ClCompile Include="reactor\test\EventLoop_unittest3.cpp">
      <Filter>Source Files</Filter>
    </ClCompile>
    <ClCompile Include="reactor\Timer.cpp">
      <Filter>Source Files</Filter>
    </ClCompile>
    <ClCompile Include="reactor\TimerQueue.cpp">
      <Filter>Source Files</Filter>
    </ClCompile>
    <ClCompile Include="reactor\test\EventLoop_unittest4.cpp">
      <Filter>Source Files</Filter>
    </ClCompile>
    <ClCompile Include="reactor\EventLoopThread.cpp">
      <Filter>Source Files</Filter>
    </ClCompile>
    <ClCompile Include="reactor\test\EventLoop_unittest5.cpp">
      <Filter>Source Files</Filter>
    </ClCompile>
    <ClCompile Include="reactor\test\EventLoop_unittest6.cpp">
      <Filter>Source Files</Filter>
    </ClCompile>
    <ClCompile Include="reactor\Acceptor.cpp">
      <Filter>Source Files</Filter>
    </ClCompile>
    <ClCompile Include="reactor\InetAddress.cpp">
      <Filter>Source Files</Filter>
    </ClCompile>
    <ClCompile Include="reactor\Socket.cpp">
      <Filter>Source Files</Filter>
    </ClCompile>
    <ClCompile Include="reactor\SocketOps.cpp">
      <Filter>Source Files</Filter>
    </ClCompile>
    <ClCompile Include="reactor\test\EventLoop_unittest7.cpp">
      <Filter>Source Files</Filter>
    </ClCompile>
    <ClCompile Include="reactor\TcpConnection.cpp">
      <Filter>Source Files</Filter>
    </ClCompile>
    <ClCompile Include="reactor\TcpServer.cpp">
      <Filter>Source Files</Filter>
    </ClCompile>
    <ClCompile Include="reactor\test\Eventloop_unittest8.cpp">
      <Filter>Source Files</Filter>
    </ClCompile>
    <ClCompile Include="reactor\Buffer.cpp">
      <Filter>Source Files</Filter>
    </ClCompile>
    <ClCompile Include="reactor\test\Eventloop_unittest9.cpp">
      <Filter>Source Files</Filter>
    </ClCompile>
    <ClCompile Include="reactor\test\Eventloop_unittest10.cpp">
      <Filter>Source Files</Filter>
    </ClCompile>
    <ClCompile Include="reactor\test\Eventloop_unittest11.cpp">
      <Filter>Source Files</Filter>
    </ClCompile>
    <ClCompile Include="reactor\EventLoopThreadPool.cpp">
      <Filter>Source Files</Filter>
    </ClCompile>
    <ClCompile Include="reactor\Connector.cpp">
      <Filter>Source Files</Filter>
    </ClCompile>
    <ClCompile Include="reactor\test\Eventloop_unittest12.cpp">
      <Filter>Source Files</Filter>
    </ClCompile>
    <ClCompile Include="reactor\TcpClient.cpp">
      <Filter>Source Files</Filter>
    </ClCompile>
    <ClCompile Include="reactor\test\Eventloop_unittest13.cpp">
      <Filter>Source Files</Filter>
    </ClCompile>
    <ClCompile Include="reactor\Epoller.cpp">
      <Filter>Source Files</Filter>
    </ClCompile>
    <ClCompile Include="db\DBConnection.cpp">
      <Filter>Source Files</Filter>
    </ClCompile>
    <ClCompile Include="db\DBRecordSet.cpp">
      <Filter>Source Files</Filter>
    </ClCompile>
    <ClCompile Include="db\DBRecord.cpp">
      <Filter>Source Files</Filter>
    </ClCompile>
    <ClCompile Include="db\test\dbconnection_unittest1.cpp">
      <Filter>Source Files</Filter>
    </ClCompile>
    <ClCompile Include="db\DBConnectionPool.cpp">
      <Filter>Source Files</Filter>
    </ClCompile>
    <ClCompile Include="db\test\dbconnection_unittest2.cpp">
      <Filter>Source Files</Filter>
    </ClCompile>
    <ClCompile Include="flatbuffer\flatbuffers_test.cpp">
      <Filter>Source Files</Filter>
    </ClCompile>
    <ClCompile Include="protobuf\protobuf_writetest.cpp">
      <Filter>Source Files</Filter>
    </ClCompile>
    <ClCompile Include="protobuf\protobuf_readtest.cpp">
      <Filter>Source Files</Filter>
    </ClCompile>
    <ClCompile Include="protobuf\ProtobufCodec.cpp">
      <Filter>Source Files</Filter>
    </ClCompile>
  </ItemGroup>
</Project>